{
  "requires": true,
  "lockfileVersion": 1,
  "dependencies": {
    "paper": {
      "version": "0.11.5",
      "resolved": "https://registry.npmjs.org/paper/-/paper-0.11.5.tgz",
      "integrity": "sha512-nvzLB10Ll0gE6MZ7lMOTiJMGVuwF1iGSTGkndCxIs6aar8TQnjxlgYMGP3IkuKpIE9mJ4Op5VTquyroB4BDK6Q=="
    }
  }
}
